
Microsoft Visual Studio Solution File, Format Version 12.00
# Visual Studio 15
Project("{FAE04EC0-301F-11D3-BF4B-00C04F79EFBC}") = "Assembly-CSharp", "Assembly-CSharp.csproj", "{C28A07D5-1943-D2A1-AF87-2F7D66A33910}"
EndProject
Global
	GlobalSection(SolutionConfigurationPlatforms) = preSolution
		Debug|Any CPU = Debug|Any CPU
		Release|Any CPU = Release|Any CPU
	EndGlobalSection
	GlobalSection(ProjectConfigurationPlatforms) = postSolution
		{C28A07D5-1943-D2A1-AF87-2F7D66A33910}.Debug|Any CPU.ActiveCfg = Debug|Any CPU
		{C28A07D5-1943-D2A1-AF87-2F7D66A33910}.Debug|Any CPU.Build.0 = Debug|Any CPU
		{C28A07D5-1943-D2A1-AF87-2F7D66A33910}.Release|Any CPU.ActiveCfg = Release|Any CPU
		{C28A07D5-1943-D2A1-AF87-2F7D66A33910}.Release|Any CPU.Build.0 = Release|Any CPU
	EndGlobalSection
	GlobalSection(SolutionProperties) = preSolution
		HideSolutionNode = FALSE
	EndGlobalSection
EndGlobal
